dependencies:
- name: qdrant
  repository: https://qdrant.github.io/qdrant-helm
  version: 1.17.0
- name: ollama
  repository: https://otwld.github.io/ollama-helm
  version: 1.50.0
digest: sha256:f808e0f854725a61149d0467272a596778af07c7ce417d23ac99251676b15331
generated: "2026-03-09T23:25:55.153484283Z"
